<?xml version="1.0" encoding="utf-8"?>
<Project ToolsVersion="4.0" xmlns="http://schemas.microsoft.com/developer/msbuild/2003">
  <ItemGroup>
    <Filter Include="Archivos de origen">
      <UniqueIdentifier>{4FC737F1-C7A5-4376-A066-2A32D752A2FF}</UniqueIdentifier>
      <Extensions>cpp;c;cc;cxx;c++;cppm;ixx;def;odl;idl;hpj;bat;asm;asmx</Extensions>
    </Filter>
    <Filter Include="Archivos de encabezado">
      <UniqueIdentifier>{93995380-89BD-4b04-88EB-625FBE52EBFB}</UniqueIdentifier>
      <Extensions>h;hh;hpp;hxx;h++;hm;inl;inc;ipp;xsd</Extensions>
    </Filter>
    <Filter Include="Archivos de recursos">
      <UniqueIdentifier>{67DA6AB6-F800-4c08-8B7A-83BB121AAD01}</UniqueIdentifier>
      <Extensions>rc;ico;cur;bmp;dlg;rc2;rct;bin;rgs;gif;jpg;jpeg;jpe;resx;tiff;tif;png;wav;mfcribbon-ms</Extensions>
    </Filter>
    <Filter Include="Archivos de encabezado\ImGui">
      <UniqueIdentifier>{fd085316-ace0-4c77-a5b6-27198fc57696}</UniqueIdentifier>
    </Filter>
    <Filter Include="Archivos de origen\ImGui">
      <UniqueIdentifier>{45a3b7f1-a34f-4438-848d-85006433ef7e}</UniqueIdentifier>
    </Filter>
    <Filter Include="Archivos de encabezado\Assimp">
      <UniqueIdentifier>{3902a9ec-bd88-4524-98cb-d679f5300fea}</UniqueIdentifier>
    </Filter>
    <Filter Include="Archivos de recursos\Shaders">
      <UniqueIdentifier>{68efb2e6-494f-4d58-a728-f8945781f52e}</UniqueIdentifier>
    </Filter>
    <Filter Include="Archivos de recursos\3D objects">
      <UniqueIdentifier>{c2075995-eb41-4cac-ad7a-6609d198aee8}</UniqueIdentifier>
    </Filter>
    <Filter Include="Archivos de recursos\Audio">
      <UniqueIdentifier>{87c0b3e0-7093-4da1-acca-b9378d673193}</UniqueIdentifier>
    </Filter>
    <Filter Include="Archivos de origen\Lights">
      <UniqueIdentifier>{274751c6-70bd-4929-8804-fdb96f8ae7a5}</UniqueIdentifier>
    </Filter>
    <Filter Include="Archivos de encabezado\Lights">
      <UniqueIdentifier>{55bc7652-1450-4a52-911d-9b929c904cdc}</UniqueIdentifier>
    </Filter>
  </ItemGroup>
  <ItemGroup>
    <ClCompile Include="include\imgui\imgui_widgets.cpp">
      <Filter>Archivos de origen\ImGui</Filter>
    </ClCompile>
    <ClCompile Include="include\imgui\imgui.cpp">
      <Filter>Archivos de origen\ImGui</Filter>
    </ClCompile>
    <ClCompile Include="include\imgui\imgui_demo.cpp">
      <Filter>Archivos de origen\ImGui</Filter>
    </ClCompile>
    <ClCompile Include="include\imgui\imgui_draw.cpp">
      <Filter>Archivos de origen\ImGui</Filter>
    </ClCompile>
    <ClCompile Include="include\imgui\backends\imgui_impl_glfw.cpp">
      <Filter>Archivos de origen\ImGui</Filter>
    </ClCompile>
    <ClCompile Include="include\imgui\backends\imgui_impl_opengl3.cpp">
      <Filter>Archivos de origen\ImGui</Filter>
    </ClCompile>
    <ClCompile Include="include\imgui\imgui_tables.cpp">
      <Filter>Archivos de origen\ImGui</Filter>
    </ClCompile>
    <ClCompile Include="Mesh.cpp">
      <Filter>Archivos de origen</Filter>
    </ClCompile>
    <ClCompile Include="Window.cpp">
      <Filter>Archivos de origen</Filter>
    </ClCompile>
    <ClCompile Include="COMMODO_VALUES.h">
      <Filter>Archivos de encabezado</Filter>
    </ClCompile>
    <ClCompile Include="imfilebrowser.h">
      <Filter>Archivos de encabezado\ImGui</Filter>
    </ClCompile>
    <ClCompile Include="GameObject.cpp">
      <Filter>Archivos de origen</Filter>
    </ClCompile>
    <ClCompile Include="Texture.cpp">
      <Filter>Archivos de origen</Filter>
    </ClCompile>
    <ClCompile Include="Animation.cpp">
      <Filter>Archivos de origen</Filter>
    </ClCompile>
    <ClCompile Include="Animator.cpp">
      <Filter>Archivos de origen</Filter>
    </ClCompile>
    <ClCompile Include="stb_image.cpp">
      <Filter>Archivos de origen</Filter>
    </ClCompile>
    <ClCompile Include="Camera.cpp">
      <Filter>Archivos de origen</Filter>
    </ClCompile>
    <ClCompile Include="main_copilot.cpp">
      <Filter>Archivos de origen</Filter>
    </ClCompile>
    <ClCompile Include="SpotLight.cpp">
      <Filter>Archivos de origen\Lights</Filter>
    </ClCompile>
    <ClCompile Include="PointLight.cpp">
      <Filter>Archivos de origen\Lights</Filter>
    </ClCompile>
    <ClCompile Include="DirectionalLight.cpp">
      <Filter>Archivos de origen\Lights</Filter>
    </ClCompile>
    <ClCompile Include="Light.cpp">
      <Filter>Archivos de origen\Lights</Filter>
    </ClCompile>
    <ClCompile Include="Skybox.cpp">
      <Filter>Archivos de origen</Filter>
    </ClCompile>
    <ClCompile Include="Shader.cpp">
      <Filter>Archivos de origen</Filter>
    </ClCompile>
  </ItemGroup>
  <ItemGroup>
    <ClInclude Include="include\imgui\imconfig.h">
      <Filter>Archivos de encabezado\ImGui</Filter>
    </ClInclude>
    <ClInclude Include="include\imgui\imgui.h">
      <Filter>Archivos de encabezado\ImGui</Filter>
    </ClInclude>
    <ClInclude Include="include\imgui\backends\imgui_impl_glfw.h">
      <Filter>Archivos de encabezado\ImGui</Filter>
    </ClInclude>
    <ClInclude Include="include\imgui\backends\imgui_impl_opengl3.h">
      <Filter>Archivos de encabezado\ImGui</Filter>
    </ClInclude>
    <ClInclude Include="include\imgui\backends\imgui_impl_opengl3_loader.h">
      <Filter>Archivos de encabezado\ImGui</Filter>
    </ClInclude>
    <ClInclude Include="include\imgui\imgui_internal.h">
      <Filter>Archivos de encabezado\ImGui</Filter>
    </ClInclude>
    <ClInclude Include="include\imgui\imstb_rectpack.h">
      <Filter>Archivos de encabezado\ImGui</Filter>
    </ClInclude>
    <ClInclude Include="include\imgui\imstb_textedit.h">
      <Filter>Archivos de encabezado\ImGui</Filter>
    </ClInclude>
    <ClInclude Include="include\imgui\imstb_truetype.h">
      <Filter>Archivos de encabezado\ImGui</Filter>
    </ClInclude>
    <ClInclude Include="Window.h">
      <Filter>Archivos de encabezado</Filter>
    </ClInclude>
    <ClInclude Include="GLSL_ShaderCompiler.h">
      <Filter>Archivos de encabezado</Filter>
    </ClInclude>
    <ClInclude Include="Mesh.h">
      <Filter>Archivos de encabezado</Filter>
    </ClInclude>
    <ClInclude Include="AssimpGLMHelpers.h">
      <Filter>Archivos de encabezado\Assimp</Filter>
    </ClInclude>
    <ClInclude Include="GameObject.h">
      <Filter>Archivos de encabezado</Filter>
    </ClInclude>
    <ClInclude Include="Raycast.h">
      <Filter>Archivos de encabezado</Filter>
    </ClInclude>
    <ClInclude Include="Texture.h">
      <Filter>Archivos de encabezado</Filter>
    </ClInclude>
    <ClInclude Include="Animator.h">
      <Filter>Archivos de encabezado</Filter>
    </ClInclude>
    <ClInclude Include="Animation.h">
      <Filter>Archivos de encabezado</Filter>
    </ClInclude>
    <ClInclude Include="Camera.h">
      <Filter>Archivos de encabezado</Filter>
    </ClInclude>
    <ClInclude Include="SpotLight.h">
      <Filter>Archivos de encabezado\Lights</Filter>
    </ClInclude>
    <ClInclude Include="PointLight.h">
      <Filter>Archivos de encabezado\Lights</Filter>
    </ClInclude>
    <ClInclude Include="DirectionalLight.h">
      <Filter>Archivos de encabezado\Lights</Filter>
    </ClInclude>
    <ClInclude Include="Light.h">
      <Filter>Archivos de encabezado\Lights</Filter>
    </ClInclude>
    <ClInclude Include="Skybox.h">
      <Filter>Archivos de encabezado</Filter>
    </ClInclude>
  </ItemGroup>
  <ItemGroup>
    <None Include="Assets\Shaders\fragmentShader.glsl">
      <Filter>Archivos de recursos\Shaders</Filter>
    </None>
    <None Include="Assets\Shaders\vertexShader.glsl">
      <Filter>Archivos de recursos\Shaders</Filter>
    </None>
    <None Include="Assets\Models\aurora.glb">
      <Filter>Archivos de recursos\3D objects</Filter>
    </None>
    <None Include="Assets\Shaders\skyboxFragmentShader.glsl">
      <Filter>Archivos de recursos\Shaders</Filter>
    </None>
    <None Include="Assets\Shaders\skyboxVertexShader.glsl">
      <Filter>Archivos de recursos\Shaders</Filter>
    </None>
  </ItemGroup>
  <ItemGroup>
    <Media Include="Assets\Sounds\chilango.mp3">
      <Filter>Archivos de recursos\Audio</Filter>
    </Media>
    <Media Include="Assets\Sounds\Howling Abyss.mp3">
      <Filter>Archivos de recursos\Audio</Filter>
    </Media>
  </ItemGroup>
</Project>